
Microsoft Visual Studio Solution File, Format Version 12.00
# Visual Studio Version 16
VisualStudioVersion = 16.0.32228.343
MinimumVisualStudioVersion = 10.0.40219.1
Project("{2150E333-8FDC-42A3-9474-1A3956D46DE8}") = "Chapter02", "Chapter02", "{8B00C031-172B-4A77-A0AD-9907CFA9FC8F}"
EndProject
Project("{FAE04EC0-301F-11D3-BF4B-00C04F79EFBC}") = "DistanceConverter", "Chapter02\DistanceConverter\DistanceConverter.csproj", "{13001123-3233-4D03-8783-8668D3B21878}"
EndProject
Project("{FAE04EC0-301F-11D3-BF4B-00C04F79EFBC}") = "SalesCalculator", "Chapter02\SalesCalculator\SalesCalculator.csproj", "{F981798C-1366-4C6C-B544-C1F184632B15}"
EndProject
Project("{FAE04EC0-301F-11D3-BF4B-00C04F79EFBC}") = "Exercise", "Chapter02\Exercise\Exercise.csproj", "{8A792B41-FD62-49E7-921A-435EFF59F800}"
EndProject
Project("{FAE04EC0-301F-11D3-BF4B-00C04F79EFBC}") = "Exercise2", "Chapter02\Exercise2\Exercise2.csproj", "{D617321A-35AC-4C4E-A569-CD95F0CE8263}"
EndProject
Project("{FAE04EC0-301F-11D3-BF4B-00C04F79EFBC}") = "Exercise3", "Chapter02\Exercise3\Exercise3.csproj", "{4C837486-1760-4776-B107-23CAAF0A7E9A}"
EndProject
Project("{2150E333-8FDC-42A3-9474-1A3956D46DE8}") = "Chapter03", "Chapter03", "{AC337217-4426-4BD6-A54B-3ED314376BA9}"
EndProject
Project("{FAE04EC0-301F-11D3-BF4B-00C04F79EFBC}") = "Section01", "Chapter03\Section01\Section01.csproj", "{20487568-A24E-459F-9235-E1D695D02D1E}"
EndProject
Project("{FAE04EC0-301F-11D3-BF4B-00C04F79EFBC}") = "Exercise01", "Chapter03\Exercise01\Exercise01.csproj", "{5230FEB9-D00F-4AD7-8DCB-76FD5877356A}"
EndProject
Global
	GlobalSection(SolutionConfigurationPlatforms) = preSolution
		Debug|Any CPU = Debug|Any CPU
		Release|Any CPU = Release|Any CPU
	EndGlobalSection
	GlobalSection(ProjectConfigurationPlatforms) = postSolution
		{13001123-3233-4D03-8783-8668D3B21878}.Debug|Any CPU.ActiveCfg = Debug|Any CPU
		{13001123-3233-4D03-8783-8668D3B21878}.Debug|Any CPU.Build.0 = Debug|Any CPU
		{13001123-3233-4D03-8783-8668D3B21878}.Release|Any CPU.ActiveCfg = Release|Any CPU
		{13001123-3233-4D03-8783-8668D3B21878}.Release|Any CPU.Build.0 = Release|Any CPU
		{F981798C-1366-4C6C-B544-C1F184632B15}.Debug|Any CPU.ActiveCfg = Debug|Any CPU
		{F981798C-1366-4C6C-B544-C1F184632B15}.Debug|Any CPU.Build.0 = Debug|Any CPU
		{F981798C-1366-4C6C-B544-C1F184632B15}.Release|Any CPU.ActiveCfg = Release|Any CPU
		{F981798C-1366-4C6C-B544-C1F184632B15}.Release|Any CPU.Build.0 = Release|Any CPU
		{8A792B41-FD62-49E7-921A-435EFF59F800}.Debug|Any CPU.ActiveCfg = Debug|Any CPU
		{8A792B41-FD62-49E7-921A-435EFF59F800}.Debug|Any CPU.Build.0 = Debug|Any CPU
		{8A792B41-FD62-49E7-921A-435EFF59F800}.Release|Any CPU.ActiveCfg = Release|Any CPU
		{8A792B41-FD62-49E7-921A-435EFF59F800}.Release|Any CPU.Build.0 = Release|Any CPU
		{D617321A-35AC-4C4E-A569-CD95F0CE8263}.Debug|Any CPU.ActiveCfg = Debug|Any CPU
		{D617321A-35AC-4C4E-A569-CD95F0CE8263}.Debug|Any CPU.Build.0 = Debug|Any CPU
		{D617321A-35AC-4C4E-A569-CD95F0CE8263}.Release|Any CPU.ActiveCfg = Release|Any CPU
		{D617321A-35AC-4C4E-A569-CD95F0CE8263}.Release|Any CPU.Build.0 = Release|Any CPU
		{4C837486-1760-4776-B107-23CAAF0A7E9A}.Debug|Any CPU.ActiveCfg = Debug|Any CPU
		{4C837486-1760-4776-B107-23CAAF0A7E9A}.Debug|Any CPU.Build.0 = Debug|Any CPU
		{4C837486-1760-4776-B107-23CAAF0A7E9A}.Release|Any CPU.ActiveCfg = Release|Any CPU
		{4C837486-1760-4776-B107-23CAAF0A7E9A}.Release|Any CPU.Build.0 = Release|Any CPU
		{20487568-A24E-459F-9235-E1D695D02D1E}.Debug|Any CPU.ActiveCfg = Debug|Any CPU
		{20487568-A24E-459F-9235-E1D695D02D1E}.Debug|Any CPU.Build.0 = Debug|Any CPU
		{20487568-A24E-459F-9235-E1D695D02D1E}.Release|Any CPU.ActiveCfg = Release|Any CPU
		{20487568-A24E-459F-9235-E1D695D02D1E}.Release|Any CPU.Build.0 = Release|Any CPU
		{5230FEB9-D00F-4AD7-8DCB-76FD5877356A}.Debug|Any CPU.ActiveCfg = Debug|Any CPU
		{5230FEB9-D00F-4AD7-8DCB-76FD5877356A}.Debug|Any CPU.Build.0 = Debug|Any CPU
		{5230FEB9-D00F-4AD7-8DCB-76FD5877356A}.Release|Any CPU.ActiveCfg = Release|Any CPU
		{5230FEB9-D00F-4AD7-8DCB-76FD5877356A}.Release|Any CPU.Build.0 = Release|Any CPU
	EndGlobalSection
	GlobalSection(SolutionProperties) = preSolution
		HideSolutionNode = FALSE
	EndGlobalSection
	GlobalSection(NestedProjects) = preSolution
		{13001123-3233-4D03-8783-8668D3B21878} = {8B00C031-172B-4A77-A0AD-9907CFA9FC8F}
		{F981798C-1366-4C6C-B544-C1F184632B15} = {8B00C031-172B-4A77-A0AD-9907CFA9FC8F}
		{8A792B41-FD62-49E7-921A-435EFF59F800} = {8B00C031-172B-4A77-A0AD-9907CFA9FC8F}
		{D617321A-35AC-4C4E-A569-CD95F0CE8263} = {8B00C031-172B-4A77-A0AD-9907CFA9FC8F}
		{4C837486-1760-4776-B107-23CAAF0A7E9A} = {8B00C031-172B-4A77-A0AD-9907CFA9FC8F}
		{20487568-A24E-459F-9235-E1D695D02D1E} = {AC337217-4426-4BD6-A54B-3ED314376BA9}
		{5230FEB9-D00F-4AD7-8DCB-76FD5877356A} = {AC337217-4426-4BD6-A54B-3ED314376BA9}
	EndGlobalSection
	GlobalSection(ExtensibilityGlobals) = postSolution
		SolutionGuid = {B1EA921C-810E-4716-A75C-C7E515900697}
	EndGlobalSection
EndGlobal
