
Microsoft Visual Studio Solution File, Format Version 12.00
# Visual Studio Version 16
VisualStudioVersion = 16.0.32228.343
MinimumVisualStudioVersion = 10.0.40219.1
Project("{2150E333-8FDC-42A3-9474-1A3956D46DE8}") = "Chapter02", "Chapter02", "{8B00C031-172B-4A77-A0AD-9907CFA9FC8F}"
EndProject
Project("{FAE04EC0-301F-11D3-BF4B-00C04F79EFBC}") = "DistanceConverter", "Chapter02\DistanceConverter\DistanceConverter.csproj", "{13001123-3233-4D03-8783-8668D3B21878}"
EndProject
Project("{FAE04EC0-301F-11D3-BF4B-00C04F79EFBC}") = "SalesCalculator", "Chapter02\SalesCalculator\SalesCalculator.csproj", "{F981798C-1366-4C6C-B544-C1F184632B15}"
EndProject
Project("{FAE04EC0-301F-11D3-BF4B-00C04F79EFBC}") = "Exercise", "Chapter02\Exercise\Exercise.csproj", "{8A792B41-FD62-49E7-921A-435EFF59F800}"
EndProject
Project("{FAE04EC0-301F-11D3-BF4B-00C04F79EFBC}") = "Exercise2", "Chapter02\Exercise2\Exercise2.csproj", "{D617321A-35AC-4C4E-A569-CD95F0CE8263}"
EndProject
Project("{FAE04EC0-301F-11D3-BF4B-00C04F79EFBC}") = "Exercise3", "Chapter02\Exercise3\Exercise3.csproj", "{4C837486-1760-4776-B107-23CAAF0A7E9A}"
EndProject
Project("{2150E333-8FDC-42A3-9474-1A3956D46DE8}") = "Chapter03", "Chapter03", "{AC337217-4426-4BD6-A54B-3ED314376BA9}"
EndProject
Project("{FAE04EC0-301F-11D3-BF4B-00C04F79EFBC}") = "Section01", "Chapter03\Section01\Section01.csproj", "{20487568-A24E-459F-9235-E1D695D02D1E}"
EndProject
Project("{FAE04EC0-301F-11D3-BF4B-00C04F79EFBC}") = "Exercise01", "Chapter03\Exercise01\Exercise01.csproj", "{5230FEB9-D00F-4AD7-8DCB-76FD5877356A}"
EndProject
Project("{FAE04EC0-301F-11D3-BF4B-00C04F79EFBC}") = "Section04", "Chapter03\Section04\Section04.csproj", "{67BBEC91-936C-43E0-A9AA-4EFCB934C431}"
EndProject
Project("{FAE04EC0-301F-11D3-BF4B-00C04F79EFBC}") = "Exercise02", "Chapter03\Exercise02\Exercise02.csproj", "{B7C4646D-2A2A-4204-B21F-6CDB81D1C3F1}"
EndProject
Project("{2150E333-8FDC-42A3-9474-1A3956D46DE8}") = "Chapter04", "Chapter04", "{14E91BCC-086B-4EAD-9204-FC83C5E3A4C6}"
EndProject
Project("{FAE04EC0-301F-11D3-BF4B-00C04F79EFBC}") = "Exercise01", "Chapter04\Exercise01\Exercise01.csproj", "{FF436230-BE15-41A5-A965-9927183361E2}"
EndProject
Project("{FAE04EC0-301F-11D3-BF4B-00C04F79EFBC}") = "Exercise02", "Chapter04\Exercise02\Exercise02.csproj", "{B500CA32-13FC-4DDF-9A77-DAF30CB16ED1}"
EndProject
Project("{2150E333-8FDC-42A3-9474-1A3956D46DE8}") = "Chapter05", "Chapter05", "{3A69BEDC-5BEC-46EB-9AA8-DB6F3223981A}"
EndProject
Project("{FAE04EC0-301F-11D3-BF4B-00C04F79EFBC}") = "Exercise01", "Chapter05\Exercise01\Exercise01.csproj", "{9B0C5E42-32DF-4ACF-BF7D-4FC2D958A7E7}"
EndProject
Project("{FAE04EC0-301F-11D3-BF4B-00C04F79EFBC}") = "Exercise03", "Chapter05\Exercise03\Exercise03.csproj", "{D46A8480-F38F-4362-9422-A524B16EF1F9}"
EndProject
Project("{FAE04EC0-301F-11D3-BF4B-00C04F79EFBC}") = "Exercise04", "Chapter05\Exercise04\Exercise04.csproj", "{07BDC5D8-7A7B-4533-A2A7-4FEE62023D24}"
EndProject
Project("{2150E333-8FDC-42A3-9474-1A3956D46DE8}") = "Chapter06", "Chapter06", "{E015F1DB-DF4E-4173-811D-2BE51589F53E}"
EndProject
Project("{FAE04EC0-301F-11D3-BF4B-00C04F79EFBC}") = "Exercise01", "Chapter06\Chapter06\Exercise01\Exercise01.csproj", "{5AC38905-D991-4BCA-A9A9-80F1DA53A82A}"
EndProject
Project("{FAE04EC0-301F-11D3-BF4B-00C04F79EFBC}") = "Exercise02", "Chapter06\Exercise02\Exercise02.csproj", "{0970F67E-1389-4B60-93AC-550C6C5F1AF0}"
EndProject
Project("{2150E333-8FDC-42A3-9474-1A3956D46DE8}") = "FormAppSample", "FormAppSample", "{75BD10F6-9320-4A10-B015-6D9BD3C40E8C}"
EndProject
Project("{FAE04EC0-301F-11D3-BF4B-00C04F79EFBC}") = "Sample0603", "FormAppSample\Sample0603\Sample0603.csproj", "{FBC06A54-BB32-4E65-A497-AB7C57B35515}"
EndProject
Project("{FAE04EC0-301F-11D3-BF4B-00C04F79EFBC}") = "Sample0607", "FormAppSample\Sample0607\Sample0607\Sample0607.csproj", "{10886B00-D782-4F8A-9AF1-FCB11A81F243}"
EndProject
Project("{FAE04EC0-301F-11D3-BF4B-00C04F79EFBC}") = "NumberGame", "FormAppSample\NumberGame\NumberGame.csproj", "{2A1FC0AA-F4AF-4D6E-82A8-66C1D9F922C5}"
EndProject
Project("{FAE04EC0-301F-11D3-BF4B-00C04F79EFBC}") = "AddressBook", "FormAppSample\AddressBook\AddressBook.csproj", "{41A8133C-744A-4B5D-BCD3-ECE5B373117D}"
EndProject
Project("{2150E333-8FDC-42A3-9474-1A3956D46DE8}") = "Test202206", "Test202206", "{E8699E73-DBDF-4004-9A97-3A1828D39F85}"
EndProject
Project("{FAE04EC0-301F-11D3-BF4B-00C04F79EFBC}") = "Test01", "Test202206\TestProject\Test01\Test01.csproj", "{2BFACDC3-F44D-4199-8498-F5C3C4AC0335}"
EndProject
Project("{FAE04EC0-301F-11D3-BF4B-00C04F79EFBC}") = "Test02", "Test202206\TestProject\Test02\Test02.csproj", "{E461C0A8-8900-485C-B520-E929BA33F712}"
EndProject
Project("{2150E333-8FDC-42A3-9474-1A3956D46DE8}") = "Chapter11", "Chapter11", "{6F9A7CA4-0525-4060-BC3C-6090D93A1E8D}"
EndProject
Project("{FAE04EC0-301F-11D3-BF4B-00C04F79EFBC}") = "XmlSample", "Chapter11\XmlSample\XmlSample.csproj", "{78FAE7D9-92D3-4662-A4B5-38D7A164C90D}"
EndProject
Project("{FAE04EC0-301F-11D3-BF4B-00C04F79EFBC}") = "RssReader", "Chapter11\RssReader\RssReader.csproj", "{A7273E9B-76DB-4189-A3CC-7B162FD9D0CB}"
EndProject
Project("{FAE04EC0-301F-11D3-BF4B-00C04F79EFBC}") = "Excercise1", "Chapter11\Excercise1\Excercise1.csproj", "{76DB59A7-EC83-4F41-8737-FE7F6F30CAA9}"
EndProject
Project("{2150E333-8FDC-42A3-9474-1A3956D46DE8}") = "Chapter12", "Chapter12", "{7DD7A79D-B689-4285-825F-98263FF6107E}"
EndProject
Project("{FAE04EC0-301F-11D3-BF4B-00C04F79EFBC}") = "Section01", "Chapter12\Section01\Section01.csproj", "{F2F119EA-F996-496C-9C76-7E963115FFA9}"
EndProject
Project("{FAE04EC0-301F-11D3-BF4B-00C04F79EFBC}") = "Section02", "Chapter12\Section02\Section02.csproj", "{718BD1C7-F879-42C0-B48D-91CC7B101998}"
EndProject
Project("{FAE04EC0-301F-11D3-BF4B-00C04F79EFBC}") = "Exercise01", "Chapter12\Exercise1\Exercise01.csproj", "{CF35FD59-934B-411D-9573-907FDE956B0E}"
EndProject
Project("{FAE04EC0-301F-11D3-BF4B-00C04F79EFBC}") = "Exercise02", "Chapter12\Exercise02\Exercise02.csproj", "{8B95FAAB-4511-4977-A865-1408369B3891}"
EndProject
Project("{2150E333-8FDC-42A3-9474-1A3956D46DE8}") = "CarReportSystem", "CarReportSystem", "{C37D1E86-BDEB-451D-B432-C01A99EA2494}"
EndProject
Project("{FAE04EC0-301F-11D3-BF4B-00C04F79EFBC}") = "CarReportSystem", "CarReportSystem\CarReportSystem\CarReportSystem.csproj", "{2819CE77-2A93-4B87-B752-FDEAA8FF21D4}"
EndProject
Global
	GlobalSection(SolutionConfigurationPlatforms) = preSolution
		Debug|Any CPU = Debug|Any CPU
		Release|Any CPU = Release|Any CPU
	EndGlobalSection
	GlobalSection(ProjectConfigurationPlatforms) = postSolution
		{13001123-3233-4D03-8783-8668D3B21878}.Debug|Any CPU.ActiveCfg = Debug|Any CPU
		{13001123-3233-4D03-8783-8668D3B21878}.Debug|Any CPU.Build.0 = Debug|Any CPU
		{13001123-3233-4D03-8783-8668D3B21878}.Release|Any CPU.ActiveCfg = Release|Any CPU
		{13001123-3233-4D03-8783-8668D3B21878}.Release|Any CPU.Build.0 = Release|Any CPU
		{F981798C-1366-4C6C-B544-C1F184632B15}.Debug|Any CPU.ActiveCfg = Debug|Any CPU
		{F981798C-1366-4C6C-B544-C1F184632B15}.Debug|Any CPU.Build.0 = Debug|Any CPU
		{F981798C-1366-4C6C-B544-C1F184632B15}.Release|Any CPU.ActiveCfg = Release|Any CPU
		{F981798C-1366-4C6C-B544-C1F184632B15}.Release|Any CPU.Build.0 = Release|Any CPU
		{8A792B41-FD62-49E7-921A-435EFF59F800}.Debug|Any CPU.ActiveCfg = Debug|Any CPU
		{8A792B41-FD62-49E7-921A-435EFF59F800}.Debug|Any CPU.Build.0 = Debug|Any CPU
		{8A792B41-FD62-49E7-921A-435EFF59F800}.Release|Any CPU.ActiveCfg = Release|Any CPU
		{8A792B41-FD62-49E7-921A-435EFF59F800}.Release|Any CPU.Build.0 = Release|Any CPU
		{D617321A-35AC-4C4E-A569-CD95F0CE8263}.Debug|Any CPU.ActiveCfg = Debug|Any CPU
		{D617321A-35AC-4C4E-A569-CD95F0CE8263}.Debug|Any CPU.Build.0 = Debug|Any CPU
		{D617321A-35AC-4C4E-A569-CD95F0CE8263}.Release|Any CPU.ActiveCfg = Release|Any CPU
		{D617321A-35AC-4C4E-A569-CD95F0CE8263}.Release|Any CPU.Build.0 = Release|Any CPU
		{4C837486-1760-4776-B107-23CAAF0A7E9A}.Debug|Any CPU.ActiveCfg = Debug|Any CPU
		{4C837486-1760-4776-B107-23CAAF0A7E9A}.Debug|Any CPU.Build.0 = Debug|Any CPU
		{4C837486-1760-4776-B107-23CAAF0A7E9A}.Release|Any CPU.ActiveCfg = Release|Any CPU
		{4C837486-1760-4776-B107-23CAAF0A7E9A}.Release|Any CPU.Build.0 = Release|Any CPU
		{20487568-A24E-459F-9235-E1D695D02D1E}.Debug|Any CPU.ActiveCfg = Debug|Any CPU
		{20487568-A24E-459F-9235-E1D695D02D1E}.Debug|Any CPU.Build.0 = Debug|Any CPU
		{20487568-A24E-459F-9235-E1D695D02D1E}.Release|Any CPU.ActiveCfg = Release|Any CPU
		{20487568-A24E-459F-9235-E1D695D02D1E}.Release|Any CPU.Build.0 = Release|Any CPU
		{5230FEB9-D00F-4AD7-8DCB-76FD5877356A}.Debug|Any CPU.ActiveCfg = Debug|Any CPU
		{5230FEB9-D00F-4AD7-8DCB-76FD5877356A}.Debug|Any CPU.Build.0 = Debug|Any CPU
		{5230FEB9-D00F-4AD7-8DCB-76FD5877356A}.Release|Any CPU.ActiveCfg = Release|Any CPU
		{5230FEB9-D00F-4AD7-8DCB-76FD5877356A}.Release|Any CPU.Build.0 = Release|Any CPU
		{67BBEC91-936C-43E0-A9AA-4EFCB934C431}.Debug|Any CPU.ActiveCfg = Debug|Any CPU
		{67BBEC91-936C-43E0-A9AA-4EFCB934C431}.Debug|Any CPU.Build.0 = Debug|Any CPU
		{67BBEC91-936C-43E0-A9AA-4EFCB934C431}.Release|Any CPU.ActiveCfg = Release|Any CPU
		{67BBEC91-936C-43E0-A9AA-4EFCB934C431}.Release|Any CPU.Build.0 = Release|Any CPU
		{B7C4646D-2A2A-4204-B21F-6CDB81D1C3F1}.Debug|Any CPU.ActiveCfg = Debug|Any CPU
		{B7C4646D-2A2A-4204-B21F-6CDB81D1C3F1}.Debug|Any CPU.Build.0 = Debug|Any CPU
		{B7C4646D-2A2A-4204-B21F-6CDB81D1C3F1}.Release|Any CPU.ActiveCfg = Release|Any CPU
		{B7C4646D-2A2A-4204-B21F-6CDB81D1C3F1}.Release|Any CPU.Build.0 = Release|Any CPU
		{FF436230-BE15-41A5-A965-9927183361E2}.Debug|Any CPU.ActiveCfg = Debug|Any CPU
		{FF436230-BE15-41A5-A965-9927183361E2}.Debug|Any CPU.Build.0 = Debug|Any CPU
		{FF436230-BE15-41A5-A965-9927183361E2}.Release|Any CPU.ActiveCfg = Release|Any CPU
		{FF436230-BE15-41A5-A965-9927183361E2}.Release|Any CPU.Build.0 = Release|Any CPU
		{B500CA32-13FC-4DDF-9A77-DAF30CB16ED1}.Debug|Any CPU.ActiveCfg = Debug|Any CPU
		{B500CA32-13FC-4DDF-9A77-DAF30CB16ED1}.Debug|Any CPU.Build.0 = Debug|Any CPU
		{B500CA32-13FC-4DDF-9A77-DAF30CB16ED1}.Release|Any CPU.ActiveCfg = Release|Any CPU
		{B500CA32-13FC-4DDF-9A77-DAF30CB16ED1}.Release|Any CPU.Build.0 = Release|Any CPU
		{9B0C5E42-32DF-4ACF-BF7D-4FC2D958A7E7}.Debug|Any CPU.ActiveCfg = Debug|Any CPU
		{9B0C5E42-32DF-4ACF-BF7D-4FC2D958A7E7}.Debug|Any CPU.Build.0 = Debug|Any CPU
		{9B0C5E42-32DF-4ACF-BF7D-4FC2D958A7E7}.Release|Any CPU.ActiveCfg = Release|Any CPU
		{9B0C5E42-32DF-4ACF-BF7D-4FC2D958A7E7}.Release|Any CPU.Build.0 = Release|Any CPU
		{D46A8480-F38F-4362-9422-A524B16EF1F9}.Debug|Any CPU.ActiveCfg = Debug|Any CPU
		{D46A8480-F38F-4362-9422-A524B16EF1F9}.Debug|Any CPU.Build.0 = Debug|Any CPU
		{D46A8480-F38F-4362-9422-A524B16EF1F9}.Release|Any CPU.ActiveCfg = Release|Any CPU
		{D46A8480-F38F-4362-9422-A524B16EF1F9}.Release|Any CPU.Build.0 = Release|Any CPU
		{07BDC5D8-7A7B-4533-A2A7-4FEE62023D24}.Debug|Any CPU.ActiveCfg = Debug|Any CPU
		{07BDC5D8-7A7B-4533-A2A7-4FEE62023D24}.Debug|Any CPU.Build.0 = Debug|Any CPU
		{07BDC5D8-7A7B-4533-A2A7-4FEE62023D24}.Release|Any CPU.ActiveCfg = Release|Any CPU
		{07BDC5D8-7A7B-4533-A2A7-4FEE62023D24}.Release|Any CPU.Build.0 = Release|Any CPU
		{5AC38905-D991-4BCA-A9A9-80F1DA53A82A}.Debug|Any CPU.ActiveCfg = Debug|Any CPU
		{5AC38905-D991-4BCA-A9A9-80F1DA53A82A}.Debug|Any CPU.Build.0 = Debug|Any CPU
		{5AC38905-D991-4BCA-A9A9-80F1DA53A82A}.Release|Any CPU.ActiveCfg = Release|Any CPU
		{5AC38905-D991-4BCA-A9A9-80F1DA53A82A}.Release|Any CPU.Build.0 = Release|Any CPU
		{0970F67E-1389-4B60-93AC-550C6C5F1AF0}.Debug|Any CPU.ActiveCfg = Debug|Any CPU
		{0970F67E-1389-4B60-93AC-550C6C5F1AF0}.Debug|Any CPU.Build.0 = Debug|Any CPU
		{0970F67E-1389-4B60-93AC-550C6C5F1AF0}.Release|Any CPU.ActiveCfg = Release|Any CPU
		{0970F67E-1389-4B60-93AC-550C6C5F1AF0}.Release|Any CPU.Build.0 = Release|Any CPU
		{FBC06A54-BB32-4E65-A497-AB7C57B35515}.Debug|Any CPU.ActiveCfg = Debug|Any CPU
		{FBC06A54-BB32-4E65-A497-AB7C57B35515}.Debug|Any CPU.Build.0 = Debug|Any CPU
		{FBC06A54-BB32-4E65-A497-AB7C57B35515}.Release|Any CPU.ActiveCfg = Release|Any CPU
		{FBC06A54-BB32-4E65-A497-AB7C57B35515}.Release|Any CPU.Build.0 = Release|Any CPU
		{10886B00-D782-4F8A-9AF1-FCB11A81F243}.Debug|Any CPU.ActiveCfg = Debug|Any CPU
		{10886B00-D782-4F8A-9AF1-FCB11A81F243}.Debug|Any CPU.Build.0 = Debug|Any CPU
		{10886B00-D782-4F8A-9AF1-FCB11A81F243}.Release|Any CPU.ActiveCfg = Release|Any CPU
		{10886B00-D782-4F8A-9AF1-FCB11A81F243}.Release|Any CPU.Build.0 = Release|Any CPU
		{2A1FC0AA-F4AF-4D6E-82A8-66C1D9F922C5}.Debug|Any CPU.ActiveCfg = Debug|Any CPU
		{2A1FC0AA-F4AF-4D6E-82A8-66C1D9F922C5}.Debug|Any CPU.Build.0 = Debug|Any CPU
		{2A1FC0AA-F4AF-4D6E-82A8-66C1D9F922C5}.Release|Any CPU.ActiveCfg = Release|Any CPU
		{2A1FC0AA-F4AF-4D6E-82A8-66C1D9F922C5}.Release|Any CPU.Build.0 = Release|Any CPU
		{41A8133C-744A-4B5D-BCD3-ECE5B373117D}.Debug|Any CPU.ActiveCfg = Debug|Any CPU
		{41A8133C-744A-4B5D-BCD3-ECE5B373117D}.Debug|Any CPU.Build.0 = Debug|Any CPU
		{41A8133C-744A-4B5D-BCD3-ECE5B373117D}.Release|Any CPU.ActiveCfg = Release|Any CPU
		{41A8133C-744A-4B5D-BCD3-ECE5B373117D}.Release|Any CPU.Build.0 = Release|Any CPU
		{2BFACDC3-F44D-4199-8498-F5C3C4AC0335}.Debug|Any CPU.ActiveCfg = Debug|Any CPU
		{2BFACDC3-F44D-4199-8498-F5C3C4AC0335}.Debug|Any CPU.Build.0 = Debug|Any CPU
		{2BFACDC3-F44D-4199-8498-F5C3C4AC0335}.Release|Any CPU.ActiveCfg = Release|Any CPU
		{2BFACDC3-F44D-4199-8498-F5C3C4AC0335}.Release|Any CPU.Build.0 = Release|Any CPU
		{E461C0A8-8900-485C-B520-E929BA33F712}.Debug|Any CPU.ActiveCfg = Debug|Any CPU
		{E461C0A8-8900-485C-B520-E929BA33F712}.Debug|Any CPU.Build.0 = Debug|Any CPU
		{E461C0A8-8900-485C-B520-E929BA33F712}.Release|Any CPU.ActiveCfg = Release|Any CPU
		{E461C0A8-8900-485C-B520-E929BA33F712}.Release|Any CPU.Build.0 = Release|Any CPU
		{78FAE7D9-92D3-4662-A4B5-38D7A164C90D}.Debug|Any CPU.ActiveCfg = Debug|Any CPU
		{78FAE7D9-92D3-4662-A4B5-38D7A164C90D}.Debug|Any CPU.Build.0 = Debug|Any CPU
		{78FAE7D9-92D3-4662-A4B5-38D7A164C90D}.Release|Any CPU.ActiveCfg = Release|Any CPU
		{78FAE7D9-92D3-4662-A4B5-38D7A164C90D}.Release|Any CPU.Build.0 = Release|Any CPU
		{A7273E9B-76DB-4189-A3CC-7B162FD9D0CB}.Debug|Any CPU.ActiveCfg = Debug|Any CPU
		{A7273E9B-76DB-4189-A3CC-7B162FD9D0CB}.Debug|Any CPU.Build.0 = Debug|Any CPU
		{A7273E9B-76DB-4189-A3CC-7B162FD9D0CB}.Release|Any CPU.ActiveCfg = Release|Any CPU
		{A7273E9B-76DB-4189-A3CC-7B162FD9D0CB}.Release|Any CPU.Build.0 = Release|Any CPU
		{76DB59A7-EC83-4F41-8737-FE7F6F30CAA9}.Debug|Any CPU.ActiveCfg = Debug|Any CPU
		{76DB59A7-EC83-4F41-8737-FE7F6F30CAA9}.Debug|Any CPU.Build.0 = Debug|Any CPU
		{76DB59A7-EC83-4F41-8737-FE7F6F30CAA9}.Release|Any CPU.ActiveCfg = Release|Any CPU
		{76DB59A7-EC83-4F41-8737-FE7F6F30CAA9}.Release|Any CPU.Build.0 = Release|Any CPU
		{F2F119EA-F996-496C-9C76-7E963115FFA9}.Debug|Any CPU.ActiveCfg = Debug|Any CPU
		{F2F119EA-F996-496C-9C76-7E963115FFA9}.Debug|Any CPU.Build.0 = Debug|Any CPU
		{F2F119EA-F996-496C-9C76-7E963115FFA9}.Release|Any CPU.ActiveCfg = Release|Any CPU
		{F2F119EA-F996-496C-9C76-7E963115FFA9}.Release|Any CPU.Build.0 = Release|Any CPU
		{718BD1C7-F879-42C0-B48D-91CC7B101998}.Debug|Any CPU.ActiveCfg = Debug|Any CPU
		{718BD1C7-F879-42C0-B48D-91CC7B101998}.Debug|Any CPU.Build.0 = Debug|Any CPU
		{718BD1C7-F879-42C0-B48D-91CC7B101998}.Release|Any CPU.ActiveCfg = Release|Any CPU
		{718BD1C7-F879-42C0-B48D-91CC7B101998}.Release|Any CPU.Build.0 = Release|Any CPU
		{CF35FD59-934B-411D-9573-907FDE956B0E}.Debug|Any CPU.ActiveCfg = Debug|Any CPU
		{CF35FD59-934B-411D-9573-907FDE956B0E}.Debug|Any CPU.Build.0 = Debug|Any CPU
		{CF35FD59-934B-411D-9573-907FDE956B0E}.Release|Any CPU.ActiveCfg = Release|Any CPU
		{CF35FD59-934B-411D-9573-907FDE956B0E}.Release|Any CPU.Build.0 = Release|Any CPU
		{8B95FAAB-4511-4977-A865-1408369B3891}.Debug|Any CPU.ActiveCfg = Debug|Any CPU
		{8B95FAAB-4511-4977-A865-1408369B3891}.Debug|Any CPU.Build.0 = Debug|Any CPU
		{8B95FAAB-4511-4977-A865-1408369B3891}.Release|Any CPU.ActiveCfg = Release|Any CPU
		{8B95FAAB-4511-4977-A865-1408369B3891}.Release|Any CPU.Build.0 = Release|Any CPU
		{2819CE77-2A93-4B87-B752-FDEAA8FF21D4}.Debug|Any CPU.ActiveCfg = Debug|Any CPU
		{2819CE77-2A93-4B87-B752-FDEAA8FF21D4}.Debug|Any CPU.Build.0 = Debug|Any CPU
		{2819CE77-2A93-4B87-B752-FDEAA8FF21D4}.Release|Any CPU.ActiveCfg = Release|Any CPU
		{2819CE77-2A93-4B87-B752-FDEAA8FF21D4}.Release|Any CPU.Build.0 = Release|Any CPU
	EndGlobalSection
	GlobalSection(SolutionProperties) = preSolution
		HideSolutionNode = FALSE
	EndGlobalSection
	GlobalSection(NestedProjects) = preSolution
		{13001123-3233-4D03-8783-8668D3B21878} = {8B00C031-172B-4A77-A0AD-9907CFA9FC8F}
		{F981798C-1366-4C6C-B544-C1F184632B15} = {8B00C031-172B-4A77-A0AD-9907CFA9FC8F}
		{8A792B41-FD62-49E7-921A-435EFF59F800} = {8B00C031-172B-4A77-A0AD-9907CFA9FC8F}
		{D617321A-35AC-4C4E-A569-CD95F0CE8263} = {8B00C031-172B-4A77-A0AD-9907CFA9FC8F}
		{4C837486-1760-4776-B107-23CAAF0A7E9A} = {8B00C031-172B-4A77-A0AD-9907CFA9FC8F}
		{20487568-A24E-459F-9235-E1D695D02D1E} = {AC337217-4426-4BD6-A54B-3ED314376BA9}
		{5230FEB9-D00F-4AD7-8DCB-76FD5877356A} = {AC337217-4426-4BD6-A54B-3ED314376BA9}
		{67BBEC91-936C-43E0-A9AA-4EFCB934C431} = {AC337217-4426-4BD6-A54B-3ED314376BA9}
		{B7C4646D-2A2A-4204-B21F-6CDB81D1C3F1} = {AC337217-4426-4BD6-A54B-3ED314376BA9}
		{FF436230-BE15-41A5-A965-9927183361E2} = {14E91BCC-086B-4EAD-9204-FC83C5E3A4C6}
		{B500CA32-13FC-4DDF-9A77-DAF30CB16ED1} = {14E91BCC-086B-4EAD-9204-FC83C5E3A4C6}
		{9B0C5E42-32DF-4ACF-BF7D-4FC2D958A7E7} = {3A69BEDC-5BEC-46EB-9AA8-DB6F3223981A}
		{D46A8480-F38F-4362-9422-A524B16EF1F9} = {3A69BEDC-5BEC-46EB-9AA8-DB6F3223981A}
		{07BDC5D8-7A7B-4533-A2A7-4FEE62023D24} = {3A69BEDC-5BEC-46EB-9AA8-DB6F3223981A}
		{5AC38905-D991-4BCA-A9A9-80F1DA53A82A} = {E015F1DB-DF4E-4173-811D-2BE51589F53E}
		{0970F67E-1389-4B60-93AC-550C6C5F1AF0} = {E015F1DB-DF4E-4173-811D-2BE51589F53E}
		{FBC06A54-BB32-4E65-A497-AB7C57B35515} = {75BD10F6-9320-4A10-B015-6D9BD3C40E8C}
		{10886B00-D782-4F8A-9AF1-FCB11A81F243} = {75BD10F6-9320-4A10-B015-6D9BD3C40E8C}
		{2A1FC0AA-F4AF-4D6E-82A8-66C1D9F922C5} = {75BD10F6-9320-4A10-B015-6D9BD3C40E8C}
		{41A8133C-744A-4B5D-BCD3-ECE5B373117D} = {75BD10F6-9320-4A10-B015-6D9BD3C40E8C}
		{2BFACDC3-F44D-4199-8498-F5C3C4AC0335} = {E8699E73-DBDF-4004-9A97-3A1828D39F85}
		{E461C0A8-8900-485C-B520-E929BA33F712} = {E8699E73-DBDF-4004-9A97-3A1828D39F85}
		{78FAE7D9-92D3-4662-A4B5-38D7A164C90D} = {6F9A7CA4-0525-4060-BC3C-6090D93A1E8D}
		{A7273E9B-76DB-4189-A3CC-7B162FD9D0CB} = {6F9A7CA4-0525-4060-BC3C-6090D93A1E8D}
		{76DB59A7-EC83-4F41-8737-FE7F6F30CAA9} = {6F9A7CA4-0525-4060-BC3C-6090D93A1E8D}
		{F2F119EA-F996-496C-9C76-7E963115FFA9} = {7DD7A79D-B689-4285-825F-98263FF6107E}
		{718BD1C7-F879-42C0-B48D-91CC7B101998} = {7DD7A79D-B689-4285-825F-98263FF6107E}
		{CF35FD59-934B-411D-9573-907FDE956B0E} = {7DD7A79D-B689-4285-825F-98263FF6107E}
		{8B95FAAB-4511-4977-A865-1408369B3891} = {7DD7A79D-B689-4285-825F-98263FF6107E}
		{2819CE77-2A93-4B87-B752-FDEAA8FF21D4} = {C37D1E86-BDEB-451D-B432-C01A99EA2494}
	EndGlobalSection
	GlobalSection(ExtensibilityGlobals) = postSolution
		SolutionGuid = {B1EA921C-810E-4716-A75C-C7E515900697}
	EndGlobalSection
EndGlobal
